
Microsoft Visual Studio Solution File, Format Version 12.00
# Visual Studio 2013
VisualStudioVersion = 12.0.30825.0
MinimumVisualStudioVersion = 10.0.40219.1
Project("{FAE04EC0-301F-11D3-BF4B-00C04F79EFBC}") = "UnitsOfMeasure Tests", "UnitsOfMeasure Tests\UnitsOfMeasure Tests.csproj", "{C094F46A-6525-4C53-BD1B-1006F63DE359}"
EndProject
Project("{FAE04EC0-301F-11D3-BF4B-00C04F79EFBC}") = "UnitsOfMeasure", "UnitsOfMeasure\UnitsOfMeasure.csproj", "{DD3D677F-EABA-4111-8D9C-D317B3B0CF70}"
EndProject
Global
	GlobalSection(SubversionScc) = preSolution
		Svn-Managed = True
		Manager = AnkhSVN - Subversion Support for Visual Studio
	EndGlobalSection
	GlobalSection(SolutionConfigurationPlatforms) = preSolution
		Debug|Any CPU = Debug|Any CPU
		Release|Any CPU = Release|Any CPU
	EndGlobalSection
	GlobalSection(ProjectConfigurationPlatforms) = postSolution
		{C094F46A-6525-4C53-BD1B-1006F63DE359}.Debug|Any CPU.ActiveCfg = Debug|Any CPU
		{C094F46A-6525-4C53-BD1B-1006F63DE359}.Debug|Any CPU.Build.0 = Debug|Any CPU
		{C094F46A-6525-4C53-BD1B-1006F63DE359}.Release|Any CPU.ActiveCfg = Release|Any CPU
		{C094F46A-6525-4C53-BD1B-1006F63DE359}.Release|Any CPU.Build.0 = Release|Any CPU
		{DD3D677F-EABA-4111-8D9C-D317B3B0CF70}.Debug|Any CPU.ActiveCfg = Debug|Any CPU
		{DD3D677F-EABA-4111-8D9C-D317B3B0CF70}.Debug|Any CPU.Build.0 = Debug|Any CPU
		{DD3D677F-EABA-4111-8D9C-D317B3B0CF70}.Release|Any CPU.ActiveCfg = Release|Any CPU
		{DD3D677F-EABA-4111-8D9C-D317B3B0CF70}.Release|Any CPU.Build.0 = Release|Any CPU
	EndGlobalSection
	GlobalSection(SolutionProperties) = preSolution
		HideSolutionNode = FALSE
	EndGlobalSection
EndGlobal
